
Microsoft Visual Studio Solution File, Format Version 12.00
# Visual Studio 15
VisualStudioVersion = 15.0.26124.0
MinimumVisualStudioVersion = 15.0.26124.0
Project("{FAE04EC0-301F-11D3-BF4B-00C04F79EFBC}") = "Todo.Api", "Todo.Api\Todo.Api.csproj", "{5A44F1D4-FED8-4D38-96AE-D44F1ADED8B2}"
EndProject
Project("{FAE04EC0-301F-11D3-BF4B-00C04F79EFBC}") = "Todo.Core", "Todo.Core\Todo.Core.csproj", "{AB958357-294A-4502-9279-5EF27CEA0C5C}"
EndProject
Global
	GlobalSection(SolutionConfigurationPlatforms) = preSolution
		Debug|Any CPU = Debug|Any CPU
		Debug|x64 = Debug|x64
		Debug|x86 = Debug|x86
		Release|Any CPU = Release|Any CPU
		Release|x64 = Release|x64
		Release|x86 = Release|x86
	EndGlobalSection
	GlobalSection(SolutionProperties) = preSolution
		HideSolutionNode = FALSE
	EndGlobalSection
	GlobalSection(ProjectConfigurationPlatforms) = postSolution
		{5A44F1D4-FED8-4D38-96AE-D44F1ADED8B2}.Debug|Any CPU.ActiveCfg = Debug|Any CPU
		{5A44F1D4-FED8-4D38-96AE-D44F1ADED8B2}.Debug|Any CPU.Build.0 = Debug|Any CPU
		{5A44F1D4-FED8-4D38-96AE-D44F1ADED8B2}.Debug|x64.ActiveCfg = Debug|Any CPU
		{5A44F1D4-FED8-4D38-96AE-D44F1ADED8B2}.Debug|x64.Build.0 = Debug|Any CPU
		{5A44F1D4-FED8-4D38-96AE-D44F1ADED8B2}.Debug|x86.ActiveCfg = Debug|Any CPU
		{5A44F1D4-FED8-4D38-96AE-D44F1ADED8B2}.Debug|x86.Build.0 = Debug|Any CPU
		{5A44F1D4-FED8-4D38-96AE-D44F1ADED8B2}.Release|Any CPU.ActiveCfg = Release|Any CPU
		{5A44F1D4-FED8-4D38-96AE-D44F1ADED8B2}.Release|Any CPU.Build.0 = Release|Any CPU
		{5A44F1D4-FED8-4D38-96AE-D44F1ADED8B2}.Release|x64.ActiveCfg = Release|Any CPU
		{5A44F1D4-FED8-4D38-96AE-D44F1ADED8B2}.Release|x64.Build.0 = Release|Any CPU
		{5A44F1D4-FED8-4D38-96AE-D44F1ADED8B2}.Release|x86.ActiveCfg = Release|Any CPU
		{5A44F1D4-FED8-4D38-96AE-D44F1ADED8B2}.Release|x86.Build.0 = Release|Any CPU
		{AB958357-294A-4502-9279-5EF27CEA0C5C}.Debug|Any CPU.ActiveCfg = Debug|Any CPU
		{AB958357-294A-4502-9279-5EF27CEA0C5C}.Debug|Any CPU.Build.0 = Debug|Any CPU
		{AB958357-294A-4502-9279-5EF27CEA0C5C}.Debug|x64.ActiveCfg = Debug|Any CPU
		{AB958357-294A-4502-9279-5EF27CEA0C5C}.Debug|x64.Build.0 = Debug|Any CPU
		{AB958357-294A-4502-9279-5EF27CEA0C5C}.Debug|x86.ActiveCfg = Debug|Any CPU
		{AB958357-294A-4502-9279-5EF27CEA0C5C}.Debug|x86.Build.0 = Debug|Any CPU
		{AB958357-294A-4502-9279-5EF27CEA0C5C}.Release|Any CPU.ActiveCfg = Release|Any CPU
		{AB958357-294A-4502-9279-5EF27CEA0C5C}.Release|Any CPU.Build.0 = Release|Any CPU
		{AB958357-294A-4502-9279-5EF27CEA0C5C}.Release|x64.ActiveCfg = Release|Any CPU
		{AB958357-294A-4502-9279-5EF27CEA0C5C}.Release|x64.Build.0 = Release|Any CPU
		{AB958357-294A-4502-9279-5EF27CEA0C5C}.Release|x86.ActiveCfg = Release|Any CPU
		{AB958357-294A-4502-9279-5EF27CEA0C5C}.Release|x86.Build.0 = Release|Any CPU
	EndGlobalSection
EndGlobal
