
Microsoft Visual Studio Solution File, Format Version 12.00
# Visual Studio Version 16
VisualStudioVersion = 16.0.30225.117
MinimumVisualStudioVersion = 15.0.26124.0
Project("{9A19103F-16F7-4668-BE54-9A1E7A4F7556}") = "Todo.Api", "Todo.Api\Todo.Api.csproj", "{5A44F1D4-FED8-4D38-96AE-D44F1ADED8B2}"
EndProject
Global
	GlobalSection(SolutionConfigurationPlatforms) = preSolution
		Debug|Any CPU = Debug|Any CPU
		Debug|x64 = Debug|x64
		Debug|x86 = Debug|x86
		Release|Any CPU = Release|Any CPU
		Release|x64 = Release|x64
		Release|x86 = Release|x86
	EndGlobalSection
	GlobalSection(ProjectConfigurationPlatforms) = postSolution
		{5A44F1D4-FED8-4D38-96AE-D44F1ADED8B2}.Debug|Any CPU.ActiveCfg = Debug|Any CPU
		{5A44F1D4-FED8-4D38-96AE-D44F1ADED8B2}.Debug|Any CPU.Build.0 = Debug|Any CPU
		{5A44F1D4-FED8-4D38-96AE-D44F1ADED8B2}.Debug|x64.ActiveCfg = Debug|Any CPU
		{5A44F1D4-FED8-4D38-96AE-D44F1ADED8B2}.Debug|x64.Build.0 = Debug|Any CPU
		{5A44F1D4-FED8-4D38-96AE-D44F1ADED8B2}.Debug|x86.ActiveCfg = Debug|Any CPU
		{5A44F1D4-FED8-4D38-96AE-D44F1ADED8B2}.Debug|x86.Build.0 = Debug|Any CPU
		{5A44F1D4-FED8-4D38-96AE-D44F1ADED8B2}.Release|Any CPU.ActiveCfg = Release|Any CPU
		{5A44F1D4-FED8-4D38-96AE-D44F1ADED8B2}.Release|Any CPU.Build.0 = Release|Any CPU
		{5A44F1D4-FED8-4D38-96AE-D44F1ADED8B2}.Release|x64.ActiveCfg = Release|Any CPU
		{5A44F1D4-FED8-4D38-96AE-D44F1ADED8B2}.Release|x64.Build.0 = Release|Any CPU
		{5A44F1D4-FED8-4D38-96AE-D44F1ADED8B2}.Release|x86.ActiveCfg = Release|Any CPU
		{5A44F1D4-FED8-4D38-96AE-D44F1ADED8B2}.Release|x86.Build.0 = Release|Any CPU
	EndGlobalSection
	GlobalSection(SolutionProperties) = preSolution
		HideSolutionNode = FALSE
	EndGlobalSection
	GlobalSection(ExtensibilityGlobals) = postSolution
		SolutionGuid = {DA600F3A-5949-4BD9-B579-2DB0947D8A89}
	EndGlobalSection
EndGlobal
